
Microsoft Visual Studio Solution File, Format Version 12.00
# Visual Studio Version 17
VisualStudioVersion = 17.2.32630.192
MinimumVisualStudioVersion = 10.0.40219.1
Project("{FAE04EC0-301F-11D3-BF4B-00C04F79EFBC}") = "ADPtask", "ADPtask\ADPtask.csproj", "{FCA4894A-A171-4884-BCFD-A736A18E5BF7}"
EndProject
Global
	GlobalSection(SolutionConfigurationPlatforms) = preSolution
		Debug|Any CPU = Debug|Any CPU
		Release|Any CPU = Release|Any CPU
	EndGlobalSection
	GlobalSection(ProjectConfigurationPlatforms) = postSolution
		{FCA4894A-A171-4884-BCFD-A736A18E5BF7}.Debug|Any CPU.ActiveCfg = Debug|Any CPU
		{FCA4894A-A171-4884-BCFD-A736A18E5BF7}.Debug|Any CPU.Build.0 = Debug|Any CPU
		{FCA4894A-A171-4884-BCFD-A736A18E5BF7}.Release|Any CPU.ActiveCfg = Release|Any CPU
		{FCA4894A-A171-4884-BCFD-A736A18E5BF7}.Release|Any CPU.Build.0 = Release|Any CPU
	EndGlobalSection
	GlobalSection(SolutionProperties) = preSolution
		HideSolutionNode = FALSE
	EndGlobalSection
	GlobalSection(ExtensibilityGlobals) = postSolution
		SolutionGuid = {7E14BA57-A001-4475-84DF-6A847F291420}
	EndGlobalSection
EndGlobal
